#
# This file is autogenerated by pip-compile with Python 3.12
# by the following command:
#
#    pip-compile --output-file=requirements.lock --strip-extras requirements.txt
#
aiofiles==25.1.0
    # via aiogram
aiogram==3.29.1
    # via -r requirements.txt
aiohappyeyeballs==2.7.1
    # via aiohttp
aiohttp==3.14.1
    # via aiogram
aiosignal==1.4.0
    # via aiohttp
alembic==1.18.5
    # via -r requirements.txt
annotated-doc==0.0.4
    # via fastapi
annotated-types==0.7.0
    # via pydantic
anyio==4.14.2
    # via
    #   starlette
    #   watchfiles
attrs==26.1.0
    # via aiohttp
boto3==1.43.46
    # via -r requirements.txt
botocore==1.43.46
    # via
    #   boto3
    #   s3transfer
certifi==2026.6.17
    # via
    #   aiogram
    #   sentry-sdk
click==8.4.2
    # via uvicorn
deprecated==1.3.1
    # via limits
fastapi==0.139.0
    # via
    #   -r requirements.txt
    #   sentry-sdk
frozenlist==1.8.0
    # via
    #   aiohttp
    #   aiosignal
h11==0.16.0
    # via uvicorn
httptools==0.8.0
    # via uvicorn
idna==3.18
    # via
    #   anyio
    #   yarl
itsdangerous==2.2.0
    # via -r requirements.txt
jmespath==1.1.0
    # via
    #   boto3
    #   botocore
limits==5.8.0
    # via slowapi
magic-filter==1.0.12
    # via aiogram
mako==1.3.12
    # via alembic
markupsafe==3.0.3
    # via
    #   -r requirements.txt
    #   mako
    #   werkzeug
multidict==6.7.1
    # via
    #   aiohttp
    #   yarl
packaging==26.2
    # via limits
propcache==0.5.2
    # via
    #   aiohttp
    #   yarl
psycopg==3.3.4
    # via -r requirements.txt
psycopg-binary==3.3.4
    # via psycopg
psycopg-pool==3.3.1
    # via -r requirements.txt
pydantic==2.13.4
    # via
    #   aiogram
    #   fastapi
pydantic-core==2.46.4
    # via pydantic
python-dateutil==2.9.0.post0
    # via botocore
python-dotenv==1.2.2
    # via
    #   -r requirements.txt
    #   uvicorn
python-multipart==0.0.32
    # via -r requirements.txt
pyyaml==6.0.3
    # via uvicorn
redis==8.0.1
    # via -r requirements.txt
s3transfer==0.19.1
    # via boto3
sentry-sdk==2.64.0
    # via -r requirements.txt
six==1.17.0
    # via python-dateutil
slowapi==0.1.10
    # via -r requirements.txt
sqlalchemy==2.0.51
    # via
    #   -r requirements.txt
    #   alembic
starlette==1.3.1
    # via fastapi
typing-extensions==4.16.0
    # via
    #   aiogram
    #   aiohttp
    #   aiosignal
    #   alembic
    #   anyio
    #   fastapi
    #   limits
    #   psycopg
    #   psycopg-pool
    #   pydantic
    #   pydantic-core
    #   sqlalchemy
    #   starlette
    #   typing-inspection
typing-inspection==0.4.2
    # via
    #   fastapi
    #   pydantic
urllib3==2.7.0
    # via
    #   botocore
    #   sentry-sdk
uvicorn==0.51.0
    # via -r requirements.txt
uvloop==0.22.1
    # via uvicorn
watchfiles==1.2.0
    # via uvicorn
websockets==16.1
    # via uvicorn
werkzeug==3.1.8
    # via -r requirements.txt
wrapt==2.2.2
    # via deprecated
yarl==1.24.2
    # via aiohttp
